
Microsoft Visual Studio Solution File, Format Version 12.00
# Visual Studio Version 17
VisualStudioVersion = 17.4.33213.308
MinimumVisualStudioVersion = 10.0.40219.1
Project("{FAE04EC0-301F-11D3-BF4B-00C04F79EFBC}") = "UsersAppGrpcService", "UsersAppGrpcService\UsersAppGrpcService.csproj", "{C5F2833F-2DDC-4484-A42F-B0062570E6F4}"
EndProject
Project("{FAE04EC0-301F-11D3-BF4B-00C04F79EFBC}") = "ConsoleClient", "ConsoleClient\ConsoleClient.csproj", "{E3FB1265-0C6B-4E62-B28B-1997E69E8F3C}"
EndProject
Global
	GlobalSection(SolutionConfigurationPlatforms) = preSolution
		Debug|Any CPU = Debug|Any CPU
		Release|Any CPU = Release|Any CPU
	EndGlobalSection
	GlobalSection(ProjectConfigurationPlatforms) = postSolution
		{C5F2833F-2DDC-4484-A42F-B0062570E6F4}.Debug|Any CPU.ActiveCfg = Debug|Any CPU
		{C5F2833F-2DDC-4484-A42F-B0062570E6F4}.Debug|Any CPU.Build.0 = Debug|Any CPU
		{C5F2833F-2DDC-4484-A42F-B0062570E6F4}.Release|Any CPU.ActiveCfg = Release|Any CPU
		{C5F2833F-2DDC-4484-A42F-B0062570E6F4}.Release|Any CPU.Build.0 = Release|Any CPU
		{E3FB1265-0C6B-4E62-B28B-1997E69E8F3C}.Debug|Any CPU.ActiveCfg = Debug|Any CPU
		{E3FB1265-0C6B-4E62-B28B-1997E69E8F3C}.Debug|Any CPU.Build.0 = Debug|Any CPU
		{E3FB1265-0C6B-4E62-B28B-1997E69E8F3C}.Release|Any CPU.ActiveCfg = Release|Any CPU
		{E3FB1265-0C6B-4E62-B28B-1997E69E8F3C}.Release|Any CPU.Build.0 = Release|Any CPU
	EndGlobalSection
	GlobalSection(SolutionProperties) = preSolution
		HideSolutionNode = FALSE
	EndGlobalSection
	GlobalSection(ExtensibilityGlobals) = postSolution
		SolutionGuid = {7C1461C2-ADE8-4824-AB6E-51953015C619}
	EndGlobalSection
EndGlobal
